
Microsoft Visual Studio Solution File, Format Version 12.00
# Visual Studio Version 16
VisualStudioVersion = 16.0.28407.52
MinimumVisualStudioVersion = 10.0.40219.1
Project("{2150E333-8FDC-42A3-9474-1A3956D46DE8}") = "01-src", "01-src", "{75E3E399-89DC-4838-98CD-2C3795B2DCF6}"
EndProject
Project("{2150E333-8FDC-42A3-9474-1A3956D46DE8}") = "03-sample", "03-sample", "{BCAD3773-7FE5-46E8-8BD4-A75B98BF9045}"
EndProject
Project("{2150E333-8FDC-42A3-9474-1A3956D46DE8}") = "02-test", "02-test", "{806CD8AE-1E95-4FE2-B004-6E4B024C870C}"
EndProject
Project("{9A19103F-16F7-4668-BE54-9A1E7A4F7556}") = "Virgo.Dapper", "src\Virgo.Dapper\Virgo.Dapper.csproj", "{50C824E2-69C3-4FEB-BE46-311A4373A3FF}"
EndProject
Project("{9A19103F-16F7-4668-BE54-9A1E7A4F7556}") = "Virgo.EntityFrameworkCore", "src\Virgo.EntityFrameworkCore\Virgo.EntityFrameworkCore.csproj", "{4CDFFC18-B7FF-4B1C-9D25-FFE515FCC7B8}"
EndProject
Project("{9A19103F-16F7-4668-BE54-9A1E7A4F7556}") = "Virgo.MongoDB", "src\Virgo.MongoDB\Virgo.MongoDB.csproj", "{D6C7F0F5-A529-4AA9-8D52-8D0256879C94}"
EndProject
Project("{9A19103F-16F7-4668-BE54-9A1E7A4F7556}") = "Virgo.Redis", "src\Virgo.Redis\Virgo.Redis.csproj", "{EA3568FD-1915-4A52-8E65-78B27405ABD3}"
EndProject
Project("{9A19103F-16F7-4668-BE54-9A1E7A4F7556}") = "Virgo", "src\Virgo\Virgo.csproj", "{CCE0FF5E-0D4F-4178-B20B-9BEA8F6B44BF}"
EndProject
Project("{9A19103F-16F7-4668-BE54-9A1E7A4F7556}") = "Virgo.Tests", "test\Virgo.Tests\Virgo.Tests.csproj", "{F6CC28AB-02AF-49F5-A113-596369D4AAFE}"
EndProject
Project("{9A19103F-16F7-4668-BE54-9A1E7A4F7556}") = "Virgo.Elasticsearch", "src\Virgo.Elasticsearch\Virgo.Elasticsearch.csproj", "{CFDEE252-3B1E-4E9F-99FD-AB7BB4404435}"
EndProject
Project("{9A19103F-16F7-4668-BE54-9A1E7A4F7556}") = "Virgo.Redis.Tests", "test\Virgo.Redis.Tests\Virgo.Redis.Tests.csproj", "{96625D03-CA0C-4976-8026-A4C1784A90B9}"
EndProject
Project("{9A19103F-16F7-4668-BE54-9A1E7A4F7556}") = "Virgo.Quartz", "src\Virgo.Quartz\Virgo.Quartz.csproj", "{3A365FE5-E0FE-4EA8-9BA7-E3545081F21E}"
EndProject
Project("{9A19103F-16F7-4668-BE54-9A1E7A4F7556}") = "Virgo.Quartz.Tests", "test\Virgo.Quartz.Tests\Virgo.Quartz.Tests.csproj", "{02895B5D-CD5B-4EB9-BE0D-BDDB7853BAD7}"
EndProject
Project("{9A19103F-16F7-4668-BE54-9A1E7A4F7556}") = "Virgo.TestBase", "test\Virgo.TestBase\Virgo.TestBase.csproj", "{6D926791-38D9-4DFF-BFDB-F0721EDC7995}"
EndProject
Project("{9A19103F-16F7-4668-BE54-9A1E7A4F7556}") = "Virgo.AspNetCore", "sample\Virgo.AspNetCore\Virgo.AspNetCore.csproj", "{3AD9FB88-BAC6-49D4-9400-C7FA30B05F37}"
EndProject
Global
	GlobalSection(SolutionConfigurationPlatforms) = preSolution
		Debug|Any CPU = Debug|Any CPU
		Release|Any CPU = Release|Any CPU
	EndGlobalSection
	GlobalSection(ProjectConfigurationPlatforms) = postSolution
		{50C824E2-69C3-4FEB-BE46-311A4373A3FF}.Debug|Any CPU.ActiveCfg = Debug|Any CPU
		{50C824E2-69C3-4FEB-BE46-311A4373A3FF}.Debug|Any CPU.Build.0 = Debug|Any CPU
		{50C824E2-69C3-4FEB-BE46-311A4373A3FF}.Release|Any CPU.ActiveCfg = Release|Any CPU
		{50C824E2-69C3-4FEB-BE46-311A4373A3FF}.Release|Any CPU.Build.0 = Release|Any CPU
		{4CDFFC18-B7FF-4B1C-9D25-FFE515FCC7B8}.Debug|Any CPU.ActiveCfg = Debug|Any CPU
		{4CDFFC18-B7FF-4B1C-9D25-FFE515FCC7B8}.Debug|Any CPU.Build.0 = Debug|Any CPU
		{4CDFFC18-B7FF-4B1C-9D25-FFE515FCC7B8}.Release|Any CPU.ActiveCfg = Release|Any CPU
		{4CDFFC18-B7FF-4B1C-9D25-FFE515FCC7B8}.Release|Any CPU.Build.0 = Release|Any CPU
		{D6C7F0F5-A529-4AA9-8D52-8D0256879C94}.Debug|Any CPU.ActiveCfg = Debug|Any CPU
		{D6C7F0F5-A529-4AA9-8D52-8D0256879C94}.Debug|Any CPU.Build.0 = Debug|Any CPU
		{D6C7F0F5-A529-4AA9-8D52-8D0256879C94}.Release|Any CPU.ActiveCfg = Release|Any CPU
		{D6C7F0F5-A529-4AA9-8D52-8D0256879C94}.Release|Any CPU.Build.0 = Release|Any CPU
		{EA3568FD-1915-4A52-8E65-78B27405ABD3}.Debug|Any CPU.ActiveCfg = Debug|Any CPU
		{EA3568FD-1915-4A52-8E65-78B27405ABD3}.Debug|Any CPU.Build.0 = Debug|Any CPU
		{EA3568FD-1915-4A52-8E65-78B27405ABD3}.Release|Any CPU.ActiveCfg = Release|Any CPU
		{EA3568FD-1915-4A52-8E65-78B27405ABD3}.Release|Any CPU.Build.0 = Release|Any CPU
		{CCE0FF5E-0D4F-4178-B20B-9BEA8F6B44BF}.Debug|Any CPU.ActiveCfg = Debug|Any CPU
		{CCE0FF5E-0D4F-4178-B20B-9BEA8F6B44BF}.Debug|Any CPU.Build.0 = Debug|Any CPU
		{CCE0FF5E-0D4F-4178-B20B-9BEA8F6B44BF}.Release|Any CPU.ActiveCfg = Release|Any CPU
		{CCE0FF5E-0D4F-4178-B20B-9BEA8F6B44BF}.Release|Any CPU.Build.0 = Release|Any CPU
		{F6CC28AB-02AF-49F5-A113-596369D4AAFE}.Debug|Any CPU.ActiveCfg = Debug|Any CPU
		{F6CC28AB-02AF-49F5-A113-596369D4AAFE}.Debug|Any CPU.Build.0 = Debug|Any CPU
		{F6CC28AB-02AF-49F5-A113-596369D4AAFE}.Release|Any CPU.ActiveCfg = Release|Any CPU
		{F6CC28AB-02AF-49F5-A113-596369D4AAFE}.Release|Any CPU.Build.0 = Release|Any CPU
		{CFDEE252-3B1E-4E9F-99FD-AB7BB4404435}.Debug|Any CPU.ActiveCfg = Debug|Any CPU
		{CFDEE252-3B1E-4E9F-99FD-AB7BB4404435}.Debug|Any CPU.Build.0 = Debug|Any CPU
		{CFDEE252-3B1E-4E9F-99FD-AB7BB4404435}.Release|Any CPU.ActiveCfg = Release|Any CPU
		{CFDEE252-3B1E-4E9F-99FD-AB7BB4404435}.Release|Any CPU.Build.0 = Release|Any CPU
		{96625D03-CA0C-4976-8026-A4C1784A90B9}.Debug|Any CPU.ActiveCfg = Debug|Any CPU
		{96625D03-CA0C-4976-8026-A4C1784A90B9}.Debug|Any CPU.Build.0 = Debug|Any CPU
		{96625D03-CA0C-4976-8026-A4C1784A90B9}.Release|Any CPU.ActiveCfg = Release|Any CPU
		{96625D03-CA0C-4976-8026-A4C1784A90B9}.Release|Any CPU.Build.0 = Release|Any CPU
		{3A365FE5-E0FE-4EA8-9BA7-E3545081F21E}.Debug|Any CPU.ActiveCfg = Debug|Any CPU
		{3A365FE5-E0FE-4EA8-9BA7-E3545081F21E}.Debug|Any CPU.Build.0 = Debug|Any CPU
		{3A365FE5-E0FE-4EA8-9BA7-E3545081F21E}.Release|Any CPU.ActiveCfg = Release|Any CPU
		{3A365FE5-E0FE-4EA8-9BA7-E3545081F21E}.Release|Any CPU.Build.0 = Release|Any CPU
		{02895B5D-CD5B-4EB9-BE0D-BDDB7853BAD7}.Debug|Any CPU.ActiveCfg = Debug|Any CPU
		{02895B5D-CD5B-4EB9-BE0D-BDDB7853BAD7}.Debug|Any CPU.Build.0 = Debug|Any CPU
		{02895B5D-CD5B-4EB9-BE0D-BDDB7853BAD7}.Release|Any CPU.ActiveCfg = Release|Any CPU
		{02895B5D-CD5B-4EB9-BE0D-BDDB7853BAD7}.Release|Any CPU.Build.0 = Release|Any CPU
		{6D926791-38D9-4DFF-BFDB-F0721EDC7995}.Debug|Any CPU.ActiveCfg = Debug|Any CPU
		{6D926791-38D9-4DFF-BFDB-F0721EDC7995}.Debug|Any CPU.Build.0 = Debug|Any CPU
		{6D926791-38D9-4DFF-BFDB-F0721EDC7995}.Release|Any CPU.ActiveCfg = Release|Any CPU
		{6D926791-38D9-4DFF-BFDB-F0721EDC7995}.Release|Any CPU.Build.0 = Release|Any CPU
		{3AD9FB88-BAC6-49D4-9400-C7FA30B05F37}.Debug|Any CPU.ActiveCfg = Debug|Any CPU
		{3AD9FB88-BAC6-49D4-9400-C7FA30B05F37}.Debug|Any CPU.Build.0 = Debug|Any CPU
		{3AD9FB88-BAC6-49D4-9400-C7FA30B05F37}.Release|Any CPU.ActiveCfg = Release|Any CPU
		{3AD9FB88-BAC6-49D4-9400-C7FA30B05F37}.Release|Any CPU.Build.0 = Release|Any CPU
	EndGlobalSection
	GlobalSection(SolutionProperties) = preSolution
		HideSolutionNode = FALSE
	EndGlobalSection
	GlobalSection(NestedProjects) = preSolution
		{50C824E2-69C3-4FEB-BE46-311A4373A3FF} = {75E3E399-89DC-4838-98CD-2C3795B2DCF6}
		{4CDFFC18-B7FF-4B1C-9D25-FFE515FCC7B8} = {75E3E399-89DC-4838-98CD-2C3795B2DCF6}
		{D6C7F0F5-A529-4AA9-8D52-8D0256879C94} = {75E3E399-89DC-4838-98CD-2C3795B2DCF6}
		{EA3568FD-1915-4A52-8E65-78B27405ABD3} = {75E3E399-89DC-4838-98CD-2C3795B2DCF6}
		{CCE0FF5E-0D4F-4178-B20B-9BEA8F6B44BF} = {75E3E399-89DC-4838-98CD-2C3795B2DCF6}
		{F6CC28AB-02AF-49F5-A113-596369D4AAFE} = {806CD8AE-1E95-4FE2-B004-6E4B024C870C}
		{CFDEE252-3B1E-4E9F-99FD-AB7BB4404435} = {75E3E399-89DC-4838-98CD-2C3795B2DCF6}
		{96625D03-CA0C-4976-8026-A4C1784A90B9} = {806CD8AE-1E95-4FE2-B004-6E4B024C870C}
		{3A365FE5-E0FE-4EA8-9BA7-E3545081F21E} = {75E3E399-89DC-4838-98CD-2C3795B2DCF6}
		{02895B5D-CD5B-4EB9-BE0D-BDDB7853BAD7} = {806CD8AE-1E95-4FE2-B004-6E4B024C870C}
		{6D926791-38D9-4DFF-BFDB-F0721EDC7995} = {806CD8AE-1E95-4FE2-B004-6E4B024C870C}
		{3AD9FB88-BAC6-49D4-9400-C7FA30B05F37} = {BCAD3773-7FE5-46E8-8BD4-A75B98BF9045}
	EndGlobalSection
	GlobalSection(ExtensibilityGlobals) = postSolution
		SolutionGuid = {CCA8524E-1E53-4254-BC3E-1D733F1D4C42}
	EndGlobalSection
EndGlobal
